{
    "_meta": {
        "hash": {
            "sha256": "f763e4cac3f15aba988840f4e72ce5220f5c9eb3a93e294f8dded18dcf5bfd7f"
        },
        "pipfile-spec": 6,
        "requires": {
            "python_version": "3.10"
        },
        "sources": [
            {
                "name": "pypi",
                "url": "https://pypi.org/simple",
                "verify_ssl": true
            }
        ]
    },
    "default": {
        "mia-py": {
            "editable": true,
            "path": "./../.."
        },
        "paho-mqtt": {
            "hashes": [
                "sha256:2a8291c81623aec00372b5a85558a372c747cbca8e9934dfe218638b8eefc26f"
            ],
            "version": "==1.6.1"
        }
    },
    "develop": {}
}
